# This file was autogenerated by Stack.
# You should not edit this file by hand.
# For more information, please see the documentation at:
#   https://docs.haskellstack.org/en/stable/lock_files

packages:
- completed:
    name: ghc-musl-test-dep
    version: 0.1.0.0
    git: git://github.com/utdemir/ghc-musl-test-dep.git
    pantry-tree:
      size: 269
      sha256: be297fae2d2292ad8d8203a96e0b6357575e5ddb52ee5373041c3d0beeb3b813
    commit: ec3da743c1abe9071bb5bbfd3974a7602b569d83
  original:
    git: git://github.com/utdemir/ghc-musl-test-dep.git
    commit: ec3da743c1abe9071bb5bbfd3974a7602b569d83
snapshots:
- completed:
    size: 532380
    url: https://raw.githubusercontent.com/commercialhaskell/stackage-snapshots/master/lts/16/15.yaml
    sha256: 3b5f2a699aa5ed3abbc30410062bf743926f0868ce3eeb5655370c6c6cc1a9f4
  original: lts-16.15
